// !$*UTF8*$!
{
	archiveVersion = 1;
	classes = {
	};
	objectVersion = 56;
	objects = {

/* Begin PBXBuildFile section */
		4DF6C3DAC69A4FAE982DD098 /* EventKit.framework in Frameworks */ = {isa = PBXBuildFile; fileRef = 08A02BDDE4C643F79CCEA8C8 /* EventKit.framework */; };
		B2BCFA632C8848E6AD4A8920 /* PutzentraleApp.swift in Sources */ = {isa = PBXBuildFile; fileRef = 12D91E6320364DC6B0237BB9 /* PutzentraleApp.swift */; };
		CAFAC0E9FC24459E96382668 /* ContentView.swift in Sources */ = {isa = PBXBuildFile; fileRef = F1C74F302D304997BAF90296 /* ContentView.swift */; };
		A95EF0B2F1644AE59DF11B92 /* DateFormatters.swift in Sources */ = {isa = PBXBuildFile; fileRef = CF13B9B351114C3B9B466818 /* DateFormatters.swift */; };
		794019B58CA14ADABBE7E862 /* Kunde.swift in Sources */ = {isa = PBXBuildFile; fileRef = 77596D4E18E24D5995538F67 /* Kunde.swift */; };
		D6F6BA44F79A4F9BAAC0DC1D /* Reinigungskraft.swift in Sources */ = {isa = PBXBuildFile; fileRef = 172168C0344F4F8C8056CF9A /* Reinigungskraft.swift */; };
		3A056D72C62C4BEB9E16C9F5 /* Bewegung.swift in Sources */ = {isa = PBXBuildFile; fileRef = 4A69E06C67BC4C1C9BAA03DC /* Bewegung.swift */; };
		132768CAA064443BB870EB37 /* DatabaseManager.swift in Sources */ = {isa = PBXBuildFile; fileRef = 9D716731EB1B443897EA75F0 /* DatabaseManager.swift */; };
		CA60BB12151E4E7E91E9E421 /* AppViewModel.swift in Sources */ = {isa = PBXBuildFile; fileRef = 0FE912D06E394266801CE0B3 /* AppViewModel.swift */; };
		05BFA717053A406DBC5DD19B /* DashboardView.swift in Sources */ = {isa = PBXBuildFile; fileRef = 50E86EDC3A1749ACB898F174 /* DashboardView.swift */; };
		ECFE53E5E85D46CCB3B51DE0 /* SchluesselUebersichtView.swift in Sources */ = {isa = PBXBuildFile; fileRef = 21F8CE5EC1E14FEEA1BD7CAD /* SchluesselUebersichtView.swift */; };
		84D1CDD6AC174E8BAE7CEBAA /* BewegungErfassenView.swift in Sources */ = {isa = PBXBuildFile; fileRef = 7AC286474155444EB54DD4EE /* BewegungErfassenView.swift */; };
		76AE1B019037487BB8BF04FF /* ReinigungskraefteView.swift in Sources */ = {isa = PBXBuildFile; fileRef = C68539B4C50E415FAE5F309A /* ReinigungskraefteView.swift */; };
		3A27D8789D044F0A89AF7290 /* ErinnerungsService.swift in Sources */ = {isa = PBXBuildFile; fileRef = 4EEE3A87FA514824BA58DCFF /* ErinnerungsService.swift */; };
/* End PBXBuildFile section */

/* Begin PBXFileReference section */
		45F5888A5505427F886AE0BA /* Schlüsselverwaltung.app */ = {isa = PBXFileReference; explicitFileType = wrapper.application; includeInIndex = 0; path = "Schlüsselverwaltung.app"; sourceTree = BUILT_PRODUCTS_DIR; };
		08A02BDDE4C643F79CCEA8C8 /* EventKit.framework */ = {isa = PBXFileReference; lastKnownFileType = wrapper.framework; name = EventKit.framework; path = System/Library/Frameworks/EventKit.framework; sourceTree = SDKROOT; };
		615482C499BE40409E5D4C8C /* Info.plist */ = {isa = PBXFileReference; lastKnownFileType = text.plist.xml; path = Info.plist; sourceTree = "<group>"; };
		4A74B1E238174B9FB012CA67 /* Schlüsselverwaltung.entitlements */ = {isa = PBXFileReference; lastKnownFileType = text.plist.entitlements; path = "Schlüsselverwaltung.entitlements"; sourceTree = "<group>"; };
		12D91E6320364DC6B0237BB9 /* PutzentraleApp.swift */ = {isa = PBXFileReference; lastKnownFileType = sourcecode.swift; path = PutzentraleApp.swift; sourceTree = "<group>"; };
		F1C74F302D304997BAF90296 /* ContentView.swift */ = {isa = PBXFileReference; lastKnownFileType = sourcecode.swift; path = ContentView.swift; sourceTree = "<group>"; };
		CF13B9B351114C3B9B466818 /* DateFormatters.swift */ = {isa = PBXFileReference; lastKnownFileType = sourcecode.swift; path = DateFormatters.swift; sourceTree = "<group>"; };
		77596D4E18E24D5995538F67 /* Kunde.swift */ = {isa = PBXFileReference; lastKnownFileType = sourcecode.swift; path = Kunde.swift; sourceTree = "<group>"; };
		172168C0344F4F8C8056CF9A /* Reinigungskraft.swift */ = {isa = PBXFileReference; lastKnownFileType = sourcecode.swift; path = Reinigungskraft.swift; sourceTree = "<group>"; };
		4A69E06C67BC4C1C9BAA03DC /* Bewegung.swift */ = {isa = PBXFileReference; lastKnownFileType = sourcecode.swift; path = Bewegung.swift; sourceTree = "<group>"; };
		9D716731EB1B443897EA75F0 /* DatabaseManager.swift */ = {isa = PBXFileReference; lastKnownFileType = sourcecode.swift; path = DatabaseManager.swift; sourceTree = "<group>"; };
		0FE912D06E394266801CE0B3 /* AppViewModel.swift */ = {isa = PBXFileReference; lastKnownFileType = sourcecode.swift; path = AppViewModel.swift; sourceTree = "<group>"; };
		50E86EDC3A1749ACB898F174 /* DashboardView.swift */ = {isa = PBXFileReference; lastKnownFileType = sourcecode.swift; path = DashboardView.swift; sourceTree = "<group>"; };
		21F8CE5EC1E14FEEA1BD7CAD /* SchluesselUebersichtView.swift */ = {isa = PBXFileReference; lastKnownFileType = sourcecode.swift; path = SchluesselUebersichtView.swift; sourceTree = "<group>"; };
		7AC286474155444EB54DD4EE /* BewegungErfassenView.swift */ = {isa = PBXFileReference; lastKnownFileType = sourcecode.swift; path = BewegungErfassenView.swift; sourceTree = "<group>"; };
		C68539B4C50E415FAE5F309A /* ReinigungskraefteView.swift */ = {isa = PBXFileReference; lastKnownFileType = sourcecode.swift; path = ReinigungskraefteView.swift; sourceTree = "<group>"; };
		4EEE3A87FA514824BA58DCFF /* ErinnerungsService.swift */ = {isa = PBXFileReference; lastKnownFileType = sourcecode.swift; path = ErinnerungsService.swift; sourceTree = "<group>"; };
/* End PBXFileReference section */

/* Begin PBXFrameworksBuildPhase section */
		1D9DB13E761443DFB2623BCE /* Frameworks */ = {
			isa = PBXFrameworksBuildPhase; buildActionMask = 2147483647;
			files = (
				4DF6C3DAC69A4FAE982DD098 /* EventKit.framework in Frameworks */,
			); runOnlyForDeploymentPostprocessing = 0;
		};
/* End PBXFrameworksBuildPhase section */

/* Begin PBXGroup section */
		D70C7220ED1043829E93BC03 /*  */ = {
			isa = PBXGroup;
			children = (
				F202B71939D643738A3327CA /* Quellcode */,
				3F25D33927AA45E9A4B6A215 /* Frameworks */,
				3A3819A45DE4489585F2CBF8 /* Products */,
			);
			sourceTree = "<group>";
		};
		3A3819A45DE4489585F2CBF8 /* Products */ = {
			isa = PBXGroup;
			children = (
				45F5888A5505427F886AE0BA /* Schlüsselverwaltung.app */,
			);
			name = "Products";
			sourceTree = "<group>";
		};
		3F25D33927AA45E9A4B6A215 /* Frameworks */ = {
			isa = PBXGroup;
			children = (
				08A02BDDE4C643F79CCEA8C8 /* EventKit.framework */,
			);
			name = "Frameworks";
			sourceTree = "<group>";
		};
		F202B71939D643738A3327CA /* Quellcode */ = {
			isa = PBXGroup;
			children = (
				12D91E6320364DC6B0237BB9 /* PutzentraleApp.swift */,
				F1C74F302D304997BAF90296 /* ContentView.swift */,
				D5919C8D4BC2424298B5DF99 /* Models */,
				2B73896A3F36432F9496DDF2 /* Utilities */,
				C98ED428E8FC4A519AF502A7 /* Database */,
				21E952012C1548E8A969A14D /* ViewModels */,
				1FBC652B135B4AAD840EEF5B /* Views */,
				38CDEBC5D28C47C1BDD058D1 /* Services */,
				615482C499BE40409E5D4C8C /* Info.plist */,
				4A74B1E238174B9FB012CA67 /* Schlüsselverwaltung.entitlements */,
			);
			name = "Quellcode";
			path = "Quellcode";
			sourceTree = "<group>";
		};
		D5919C8D4BC2424298B5DF99 /* Models */ = {
			isa = PBXGroup;
			children = (
				77596D4E18E24D5995538F67 /* Kunde.swift */,
				172168C0344F4F8C8056CF9A /* Reinigungskraft.swift */,
				4A69E06C67BC4C1C9BAA03DC /* Bewegung.swift */,
			);
			name = "Models";
			path = "Models";
			sourceTree = "<group>";
		};
		2B73896A3F36432F9496DDF2 /* Utilities */ = {
			isa = PBXGroup;
			children = (
				CF13B9B351114C3B9B466818 /* DateFormatters.swift */,
			);
			name = "Utilities";
			path = "Utilities";
			sourceTree = "<group>";
		};
		C98ED428E8FC4A519AF502A7 /* Database */ = {
			isa = PBXGroup;
			children = (
				9D716731EB1B443897EA75F0 /* DatabaseManager.swift */,
			);
			name = "Database";
			path = "Database";
			sourceTree = "<group>";
		};
		21E952012C1548E8A969A14D /* ViewModels */ = {
			isa = PBXGroup;
			children = (
				0FE912D06E394266801CE0B3 /* AppViewModel.swift */,
			);
			name = "ViewModels";
			path = "ViewModels";
			sourceTree = "<group>";
		};
		1FBC652B135B4AAD840EEF5B /* Views */ = {
			isa = PBXGroup;
			children = (
				50E86EDC3A1749ACB898F174 /* DashboardView.swift */,
				21F8CE5EC1E14FEEA1BD7CAD /* SchluesselUebersichtView.swift */,
				7AC286474155444EB54DD4EE /* BewegungErfassenView.swift */,
				76AC78B44DA14946BA53BFC2 /* Stammdaten */,
			);
			name = "Views";
			path = "Views";
			sourceTree = "<group>";
		};
		76AC78B44DA14946BA53BFC2 /* Stammdaten */ = {
			isa = PBXGroup;
			children = (
				C68539B4C50E415FAE5F309A /* ReinigungskraefteView.swift */,
			);
			name = "Stammdaten";
			path = "Stammdaten";
			sourceTree = "<group>";
		};
		38CDEBC5D28C47C1BDD058D1 /* Services */ = {
			isa = PBXGroup;
			children = (
				4EEE3A87FA514824BA58DCFF /* ErinnerungsService.swift */,
			);
			name = "Services";
			path = "Services";
			sourceTree = "<group>";
		};
/* End PBXGroup section */

/* Begin PBXNativeTarget section */
		745B85947797406AB7B7B394 /* Schlüsselverwaltung */ = {
			isa = PBXNativeTarget;
			buildConfigurationList = 452C07A23BD7458597941AB3 /* Build configuration list for PBXNativeTarget "Schlüsselverwaltung" */;
			buildPhases = (748FC76B93E84F04902A4AD4 /* Sources */, 1D9DB13E761443DFB2623BCE /* Frameworks */, 088318AEC70E4F99B8B3CD4B /* Resources */,);
			buildRules = (); dependencies = ();
			name = "Schlüsselverwaltung"; productName = "Schlüsselverwaltung";
			productReference = 45F5888A5505427F886AE0BA /* Schlüsselverwaltung.app */;
			productType = "com.apple.product-type.application";
		};
/* End PBXNativeTarget section */

/* Begin PBXProject section */
		59B588DE1C66463CBC839368 /* Project object */ = {
			isa = PBXProject;
			attributes = { BuildIndependentTargetsInParallel = 1; LastUpgradeCheck = 1600; TargetAttributes = { 745B85947797406AB7B7B394 = { CreatedOnToolsVersion = 16.0; }; }; };
			buildConfigurationList = 691F272098DE4DC8AA9A703F /* Build configuration list for PBXProject "Schlüsselverwaltung" */;
			compatibilityVersion = "Xcode 15.0";
			developmentRegion = de;
			hasScannedForEncodings = 0;
			knownRegions = (de, Base,);
			mainGroup = D70C7220ED1043829E93BC03;
			productRefGroup = 3A3819A45DE4489585F2CBF8 /* Products */;
			projectDirPath = ""; projectRoot = "";
			targets = (745B85947797406AB7B7B394 /* Schlüsselverwaltung */,);
		};
/* End PBXProject section */

/* Begin PBXResourcesBuildPhase section */
		088318AEC70E4F99B8B3CD4B /* Resources */ = { isa = PBXResourcesBuildPhase; buildActionMask = 2147483647; files = (); runOnlyForDeploymentPostprocessing = 0; };
/* End PBXResourcesBuildPhase section */

/* Begin PBXSourcesBuildPhase section */
		748FC76B93E84F04902A4AD4 /* Sources */ = {
			isa = PBXSourcesBuildPhase; buildActionMask = 2147483647;
			files = (
				B2BCFA632C8848E6AD4A8920 /* PutzentraleApp.swift in Sources */,
				CAFAC0E9FC24459E96382668 /* ContentView.swift in Sources */,
				A95EF0B2F1644AE59DF11B92 /* DateFormatters.swift in Sources */,
				794019B58CA14ADABBE7E862 /* Kunde.swift in Sources */,
				D6F6BA44F79A4F9BAAC0DC1D /* Reinigungskraft.swift in Sources */,
				3A056D72C62C4BEB9E16C9F5 /* Bewegung.swift in Sources */,
				132768CAA064443BB870EB37 /* DatabaseManager.swift in Sources */,
				CA60BB12151E4E7E91E9E421 /* AppViewModel.swift in Sources */,
				05BFA717053A406DBC5DD19B /* DashboardView.swift in Sources */,
				ECFE53E5E85D46CCB3B51DE0 /* SchluesselUebersichtView.swift in Sources */,
				84D1CDD6AC174E8BAE7CEBAA /* BewegungErfassenView.swift in Sources */,
				76AE1B019037487BB8BF04FF /* ReinigungskraefteView.swift in Sources */,
				3A27D8789D044F0A89AF7290 /* ErinnerungsService.swift in Sources */,
			); runOnlyForDeploymentPostprocessing = 0;
		};
/* End PBXSourcesBuildPhase section */

/* Begin XCBuildConfiguration section */
		AA3DB2DEE44E4C6091655675 /* Debug */ = {
			isa = XCBuildConfiguration;
			buildSettings = {
				MACOSX_DEPLOYMENT_TARGET = 13.0;
				SWIFT_VERSION = 5.0;
				ALWAYS_SEARCH_USER_PATHS = NO;
			};
			name = Debug;
		};
		AF51736EBC7344C5BFE6A926 /* Release */ = {
			isa = XCBuildConfiguration;
			buildSettings = {
				MACOSX_DEPLOYMENT_TARGET = 13.0;
				SWIFT_VERSION = 5.0;
				ALWAYS_SEARCH_USER_PATHS = NO;
			};
			name = Release;
		};
		194D09577E7C4B6583CD1159 /* Debug */ = {
			isa = XCBuildConfiguration;
			buildSettings = {
				MACOSX_DEPLOYMENT_TARGET = 13.0;
				SWIFT_VERSION = 5.0;
				ALWAYS_SEARCH_USER_PATHS = NO;
				CODE_SIGN_ENTITLEMENTS = "Quellcode/Schlüsselverwaltung.entitlements";
				CODE_SIGN_STYLE = Automatic;
				COMBINE_HIDPI_IMAGES = YES;
				INFOPLIST_FILE = "Quellcode/Info.plist";
				PRODUCT_BUNDLE_IDENTIFIER = "ch.putzzentrale.schluessel";
				PRODUCT_NAME = "Schlüsselverwaltung";
				SWIFT_EMIT_LOC_STRINGS = YES;
				SWIFT_OPTIMIZATION_LEVEL = "-Onone";
				DEBUG_INFORMATION_FORMAT = dwarf;
			};
			name = Debug;
		};
		37859B988BA849C4AD26603A /* Release */ = {
			isa = XCBuildConfiguration;
			buildSettings = {
				MACOSX_DEPLOYMENT_TARGET = 13.0;
				SWIFT_VERSION = 5.0;
				ALWAYS_SEARCH_USER_PATHS = NO;
				CODE_SIGN_ENTITLEMENTS = "Quellcode/Schlüsselverwaltung.entitlements";
				CODE_SIGN_STYLE = Automatic;
				COMBINE_HIDPI_IMAGES = YES;
				INFOPLIST_FILE = "Quellcode/Info.plist";
				PRODUCT_BUNDLE_IDENTIFIER = "ch.putzzentrale.schluessel";
				PRODUCT_NAME = "Schlüsselverwaltung";
				SWIFT_EMIT_LOC_STRINGS = YES;
			};
			name = Release;
		};
/* End XCBuildConfiguration section */

/* Begin XCConfigurationList section */
		691F272098DE4DC8AA9A703F /* Build configuration list for PBXProject "Schlüsselverwaltung" */ = { isa = XCConfigurationList; buildConfigurations = (AA3DB2DEE44E4C6091655675 /* Debug */, AF51736EBC7344C5BFE6A926 /* Release */,); defaultConfigurationIsVisible = 0; defaultConfigurationName = Release; };
		452C07A23BD7458597941AB3 /* Build configuration list for PBXNativeTarget "Schlüsselverwaltung" */ = { isa = XCConfigurationList; buildConfigurations = (194D09577E7C4B6583CD1159 /* Debug */, 37859B988BA849C4AD26603A /* Release */,); defaultConfigurationIsVisible = 0; defaultConfigurationName = Release; };
/* End XCConfigurationList section */

	};
	rootObject = 59B588DE1C66463CBC839368 /* Project object */;
}